// !$*UTF8*$!
{
	archiveVersion = 1;
	classes = {
	};
	objectVersion = 46;
	objects = {

/* Begin PBXBuildFile section */
		9A0C36851BC40BD8005E1F87 /* AppDelegate.swift in Sources */ = {isa = PBXBuildFile; fileRef = 9A0C36841BC40BD8005E1F87 /* AppDelegate.swift */; };
		9A0C36871BC40BD8005E1F87 /* ViewController.swift in Sources */ = {isa = PBXBuildFile; fileRef = 9A0C36861BC40BD8005E1F87 /* ViewController.swift */; };
		9A0C368A1BC40BD8005E1F87 /* Main.storyboard in Resources */ = {isa = PBXBuildFile; fileRef = 9A0C36881BC40BD8005E1F87 /* Main.storyboard */; };
		9A0C368C1BC40BD8005E1F87 /* Images.xcassets in Resources */ = {isa = PBXBuildFile; fileRef = 9A0C368B1BC40BD8005E1F87 /* Images.xcassets */; };
		9A0C368F1BC40BD8005E1F87 /* LaunchScreen.xib in Resources */ = {isa = PBXBuildFile; fileRef = 9A0C368D1BC40BD8005E1F87 /* LaunchScreen.xib */; };
		9A0C369B1BC40BD8005E1F87 /* gggTests.swift in Sources */ = {isa = PBXBuildFile; fileRef = 9A0C369A1BC40BD8005E1F87 /* gggTests.swift */; };
/* End PBXBuildFile section */

/* Begin PBXContainerItemProxy section */
		9A0C36951BC40BD8005E1F87 /* PBXContainerItemProxy */ = {
			isa = PBXContainerItemProxy;
			containerPortal = 9A0C36771BC40BD8005E1F87 /* Project object */;
			proxyType = 1;
			remoteGlobalIDString = 9A0C367E1BC40BD8005E1F87;
			remoteInfo = ggg;
		};
/* End PBXContainerItemProxy section */

/* Begin PBXFileReference section */
		9A0C367F1BC40BD8005E1F87 /* ggg.app */ = {isa = PBXFileReference; explicitFileType = wrapper.application; includeInIndex = 0; path = ggg.app; sourceTree = BUILT_PRODUCTS_DIR; };
		9A0C36831BC40BD8005E1F87 /* Info.plist */ = {isa = PBXFileReference; lastKnownFileType = text.plist.xml; path = Info.plist; sourceTree = "<group>"; };
		9A0C36841BC40BD8005E1F87 /* AppDelegate.swift */ = {isa = PBXFileReference; lastKnownFileType = sourcecode.swift; path = AppDelegate.swift; sourceTree = "<group>"; };
		9A0C36861BC40BD8005E1F87 /* ViewController.swift */ = {isa = PBXFileReference; lastKnownFileType = sourcecode.swift; path = ViewController.swift; sourceTree = "<group>"; };
		9A0C36891BC40BD8005E1F87 /* Base */ = {isa = PBXFileReference; lastKnownFileType = file.storyboard; name = Base; path = Base.lproj/Main.storyboard; sourceTree = "<group>"; };
		9A0C368B1BC40BD8005E1F87 /* Images.xcassets */ = {isa = PBXFileReference; lastKnownFileType = folder.assetcatalog; path = Images.xcassets; sourceTree = "<group>"; };
		9A0C368E1BC40BD8005E1F87 /* Base */ = {isa = PBXFileReference; lastKnownFileType = file.xib; name = Base; path = Base.lproj/LaunchScreen.xib; sourceTree = "<group>"; };
		9A0C36941BC40BD8005E1F87 /* gggTests.xctest */ = {isa = PBXFileReference; explicitFileType = wrapper.cfbundle; includeInIndex = 0; path = gggTests.xctest; sourceTree = BUILT_PRODUCTS_DIR; };
		9A0C36991BC40BD8005E1F87 /* Info.plist */ = {isa = PBXFileReference; lastKnownFileType = text.plist.xml; path = Info.plist; sourceTree = "<group>"; };
		9A0C369A1BC40BD8005E1F87 /* gggTests.swift */ = {isa = PBXFileReference; lastKnownFileType = sourcecode.swift; path = gggTests.swift; sourceTree = "<group>"; };
/* End PBXFileReference section */

/* Begin PBXFrameworksBuildPhase section */
		9A0C367C1BC40BD8005E1F87 /* Frameworks */ = {
			isa = PBXFrameworksBuildPhase;
			buildActionMask = 2147483647;
			files = (
			);
			runOnlyForDeploymentPostprocessing = 0;
		};
		9A0C36911BC40BD8005E1F87 /* Frameworks */ = {
			isa = PBXFrameworksBuildPhase;
			buildActionMask = 2147483647;
			files = (
			);
			runOnlyForDeploymentPostprocessing = 0;
		};
/* End PBXFrameworksBuildPhase section */

/* Begin PBXGroup section */
		9A0C36761BC40BD8005E1F87 = {
			isa = PBXGroup;
			children = (
				9A0C36811BC40BD8005E1F87 /* ggg */,
				9A0C36971BC40BD8005E1F87 /* gggTests */,
				9A0C36801BC40BD8005E1F87 /* Products */,
			);
			sourceTree = "<group>";
		};
		9A0C36801BC40BD8005E1F87 /* Products */ = {
			isa = PBXGroup;
			children = (
				9A0C367F1BC40BD8005E1F87 /* ggg.app */,
				9A0C36941BC40BD8005E1F87 /* gggTests.xctest */,
			);
			name = Products;
			sourceTree = "<group>";
		};
		9A0C36811BC40BD8005E1F87 /* ggg */ = {
			isa = PBXGroup;
			children = (
				9A0C36841BC40BD8005E1F87 /* AppDelegate.swift */,
				9A0C36861BC40BD8005E1F87 /* ViewController.swift */,
				9A0C36881BC40BD8005E1F87 /* Main.storyboard */,
				9A0C368B1BC40BD8005E1F87 /* Images.xcassets */,
				9A0C368D1BC40BD8005E1F87 /* LaunchScreen.xib */,
				9A0C36821BC40BD8005E1F87 /* Supporting Files */,
			);
			path = ggg;
			sourceTree = "<group>";
		};
		9A0C36821BC40BD8005E1F87 /* Supporting Files */ = {
			isa = PBXGroup;
			children = (
				9A0C36831BC40BD8005E1F87 /* Info.plist */,
			);
			name = "Supporting Files";
			sourceTree = "<group>";
		};
		9A0C36971BC40BD8005E1F87 /* gggTests */ = {
			isa = PBXGroup;
			children = (
				9A0C369A1BC40BD8005E1F87 /* gggTests.swift */,
				9A0C36981BC40BD8005E1F87 /* Supporting Files */,
			);
			path = gggTests;
			sourceTree = "<group>";
		};
		9A0C36981BC40BD8005E1F87 /* Supporting Files */ = {
			isa = PBXGroup;
			children = (
				9A0C36991BC40BD8005E1F87 /* Info.plist */,
			);
			name = "Supporting Files";
			sourceTree = "<group>";
		};
/* End PBXGroup section */

/* Begin PBXNativeTarget section */
		9A0C367E1BC40BD8005E1F87 /* ggg */ = {
			isa = PBXNativeTarget;
			buildConfigurationList = 9A0C369E1BC40BD8005E1F87 /* Build configuration list for PBXNativeTarget "ggg" */;
			buildPhases = (
				9A0C367B1BC40BD8005E1F87 /* Sources */,
				9A0C367C1BC40BD8005E1F87 /* Frameworks */,
				9A0C367D1BC40BD8005E1F87 /* Resources */,
			);
			buildRules = (
			);
			dependencies = (
			);
			name = ggg;
			productName = ggg;
			productReference = 9A0C367F1BC40BD8005E1F87 /* ggg.app */;
			productType = "com.apple.product-type.application";
		};
		9A0C36931BC40BD8005E1F87 /* gggTests */ = {
			isa = PBXNativeTarget;
			buildConfigurationList = 9A0C36A11BC40BD8005E1F87 /* Build configuration list for PBXNativeTarget "gggTests" */;
			buildPhases = (
				9A0C36901BC40BD8005E1F87 /* Sources */,
				9A0C36911BC40BD8005E1F87 /* Frameworks */,
				9A0C36921BC40BD8005E1F87 /* Resources */,
			);
			buildRules = (
			);
			dependencies = (
				9A0C36961BC40BD8005E1F87 /* PBXTargetDependency */,
			);
			name = gggTests;
			productName = gggTests;
			productReference = 9A0C36941BC40BD8005E1F87 /* gggTests.xctest */;
			productType = "com.apple.product-type.bundle.unit-test";
		};
/* End PBXNativeTarget section */

/* Begin PBXProject section */
		9A0C36771BC40BD8005E1F87 /* Project object */ = {
			isa = PBXProject;
			attributes = {
				LastUpgradeCheck = 0630;
				ORGANIZATIONNAME = JerryYang;
				TargetAttributes = {
					9A0C367E1BC40BD8005E1F87 = {
						CreatedOnToolsVersion = 6.3.2;
					};
					9A0C36931BC40BD8005E1F87 = {
						CreatedOnToolsVersion = 6.3.2;
						TestTargetID = 9A0C367E1BC40BD8005E1F87;
					};
				};
			};
			buildConfigurationList = 9A0C367A1BC40BD8005E1F87 /* Build configuration list for PBXProject "ggg" */;
			compatibilityVersion = "Xcode 3.2";
			developmentRegion = English;
			hasScannedForEncodings = 0;
			knownRegions = (
				en,
				Base,
			);
			mainGroup = 9A0C36761BC40BD8005E1F87;
			productRefGroup = 9A0C36801BC40BD8005E1F87 /* Products */;
			projectDirPath = "";
			projectRoot = "";
			targets = (
				9A0C367E1BC40BD8005E1F87 /* ggg */,
				9A0C36931BC40BD8005E1F87 /* gggTests */,
			);
		};
/* End PBXProject section */

/* Begin PBXResourcesBuildPhase section */
		9A0C367D1BC40BD8005E1F87 /* Resources */ = {
			isa = PBXResourcesBuildPhase;
			buildActionMask = 2147483647;
			files = (
				9A0C368A1BC40BD8005E1F87 /* Main.storyboard in Resources */,
				9A0C368F1BC40BD8005E1F87 /* LaunchScreen.xib in Resources */,
				9A0C368C1BC40BD8005E1F87 /* Images.xcassets in Resources */,
			);
			runOnlyForDeploymentPostprocessing = 0;
		};
		9A0C36921BC40BD8005E1F87 /* Resources */ = {
			isa = PBXResourcesBuildPhase;
			buildActionMask = 2147483647;
			files = (
			);
			runOnlyForDeploymentPostprocessing = 0;
		};
/* End PBXResourcesBuildPhase section */

/* Begin PBXSourcesBuildPhase section */
		9A0C367B1BC40BD8005E1F87 /* Sources */ = {
			isa = PBXSourcesBuildPhase;
			buildActionMask = 2147483647;
			files = (
				9A0C36871BC40BD8005E1F87 /* ViewController.swift in Sources */,
				9A0C36851BC40BD8005E1F87 /* AppDelegate.swift in Sources */,
			);
			runOnlyForDeploymentPostprocessing = 0;
		};
		9A0C36901BC40BD8005E1F87 /* Sources */ = {
			isa = PBXSourcesBuildPhase;
			buildActionMask = 2147483647;
			files = (
				9A0C369B1BC40BD8005E1F87 /* gggTests.swift in Sources */,
			);
			runOnlyForDeploymentPostprocessing = 0;
		};
/* End PBXSourcesBuildPhase section */

/* Begin PBXTargetDependency section */
		9A0C36961BC40BD8005E1F87 /* PBXTargetDependency */ = {
			isa = PBXTargetDependency;
			target = 9A0C367E1BC40BD8005E1F87 /* ggg */;
			targetProxy = 9A0C36951BC40BD8005E1F87 /* PBXContainerItemProxy */;
		};
/* End PBXTargetDependency section */

/* Begin PBXVariantGroup section */
		9A0C36881BC40BD8005E1F87 /* Main.storyboard */ = {
			isa = PBXVariantGroup;
			children = (
				9A0C36891BC40BD8005E1F87 /* Base */,
			);
			name = Main.storyboard;
			sourceTree = "<group>";
		};
		9A0C368D1BC40BD8005E1F87 /* LaunchScreen.xib */ = {
			isa = PBXVariantGroup;
			children = (
				9A0C368E1BC40BD8005E1F87 /* Base */,
			);
			name = LaunchScreen.xib;
			sourceTree = "<group>";
		};
/* End PBXVariantGroup section */

/* Begin XCBuildConfiguration section */
		9A0C369C1BC40BD8005E1F87 /* Debug */ = {
			isa = XCBuildConfiguration;
			buildSettings = {
				ALWAYS_SEARCH_USER_PATHS = NO;
				CLANG_CXX_LANGUAGE_STANDARD = "gnu++0x";
				CLANG_CXX_LIBRARY = "libc++";
				CLANG_ENABLE_MODULES = YES;
				CLANG_ENABLE_OBJC_ARC = YES;
				CLANG_WARN_BOOL_CONVERSION = YES;
				CLANG_WARN_CONSTANT_CONVERSION = YES;
				CLANG_WARN_DIRECT_OBJC_ISA_USAGE = YES_ERROR;
				CLANG_WARN_EMPTY_BODY = YES;
				CLANG_WARN_ENUM_CONVERSION = YES;
				CLANG_WARN_INT_CONVERSION = YES;
				CLANG_WARN_OBJC_ROOT_CLASS = YES_ERROR;
				CLANG_WARN_UNREACHABLE_CODE = YES;
				CLANG_WARN__DUPLICATE_METHOD_MATCH = YES;
				"CODE_SIGN_IDENTITY[sdk=iphoneos*]" = "iPhone Developer";
				COPY_PHASE_STRIP = NO;
				DEBUG_INFORMATION_FORMAT = "dwarf-with-dsym";
				ENABLE_STRICT_OBJC_MSGSEND = YES;
				GCC_C_LANGUAGE_STANDARD = gnu99;
				GCC_DYNAMIC_NO_PIC = NO;
				GCC_NO_COMMON_BLOCKS = YES;
				GCC_OPTIMIZATION_LEVEL = 0;
				GCC_PREPROCESSOR_DEFINITIONS = (
					"DEBUG=1",
					"$(inherited)",
				);
				GCC_SYMBOLS_PRIVATE_EXTERN = NO;
				GCC_WARN_64_TO_32_BIT_CONVERSION = YES;
				GCC_WARN_ABOUT_RETURN_TYPE = YES_ERROR;
				GCC_WARN_UNDECLARED_SELECTOR = YES;
				GCC_WARN_UNINITIALIZED_AUTOS = YES_AGGRESSIVE;
				GCC_WARN_UNUSED_FUNCTION = YES;
				GCC_WARN_UNUSED_VARIABLE = YES;
				IPHONEOS_DEPLOYMENT_TARGET = 8.3;
				MTL_ENABLE_DEBUG_INFO = YES;
				ONLY_ACTIVE_ARCH = YES;
				SDKROOT = iphoneos;
				SWIFT_OPTIMIZATION_LEVEL = "-Onone";
			};
			name = Debug;
		};
		9A0C369D1BC40BD8005E1F87 /* Release */ = {
			isa = XCBuildConfiguration;
			buildSettings = {
				ALWAYS_SEARCH_USER_PATHS = NO;
				CLANG_CXX_LANGUAGE_STANDARD = "gnu++0x";
				CLANG_CXX_LIBRARY = "libc++";
				CLANG_ENABLE_MODULES = YES;
				CLANG_ENABLE_OBJC_ARC = YES;
				CLANG_WARN_BOOL_CONVERSION = YES;
				CLANG_WARN_CONSTANT_CONVERSION = YES;
				CLANG_WARN_DIRECT_OBJC_ISA_USAGE = YES_ERROR;
				CLANG_WARN_EMPTY_BODY = YES;
				CLANG_WARN_ENUM_CONVERSION = YES;
				CLANG_WARN_INT_CONVERSION = YES;
				CLANG_WARN_OBJC_ROOT_CLASS = YES_ERROR;
				CLANG_WARN_UNREACHABLE_CODE = YES;
				CLANG_WARN__DUPLICATE_METHOD_MATCH = YES;
				"CODE_SIGN_IDENTITY[sdk=iphoneos*]" = "iPhone Developer";
				COPY_PHASE_STRIP = NO;
				DEBUG_INFORMATION_FORMAT = "dwarf-with-dsym";
				ENABLE_NS_ASSERTIONS = NO;
				ENABLE_STRICT_OBJC_MSGSEND = YES;
				GCC_C_LANGUAGE_STANDARD = gnu99;
				GCC_NO_COMMON_BLOCKS = YES;
				GCC_WARN_64_TO_32_BIT_CONVERSION = YES;
				GCC_WARN_ABOUT_RETURN_TYPE = YES_ERROR;
				GCC_WARN_UNDECLARED_SELECTOR = YES;
				GCC_WARN_UNINITIALIZED_AUTOS = YES_AGGRESSIVE;
				GCC_WARN_UNUSED_FUNCTION = YES;
				GCC_WARN_UNUSED_VARIABLE = YES;
				IPHONEOS_DEPLOYMENT_TARGET = 8.3;
				MTL_ENABLE_DEBUG_INFO = NO;
				SDKROOT = iphoneos;
				VALIDATE_PRODUCT = YES;
			};
			name = Release;
		};
		9A0C369F1BC40BD8005E1F87 /* Debug */ = {
			isa = XCBuildConfiguration;
			buildSettings = {
				ASSETCATALOG_COMPILER_APPICON_NAME = AppIcon;
				INFOPLIST_FILE = ggg/Info.plist;
				LD_RUNPATH_SEARCH_PATHS = "$(inherited) @executable_path/Frameworks";
				PRODUCT_NAME = "$(TARGET_NAME)";
			};
			name = Debug;
		};
		9A0C36A01BC40BD8005E1F87 /* Release */ = {
			isa = XCBuildConfiguration;
			buildSettings = {
				ASSETCATALOG_COMPILER_APPICON_NAME = AppIcon;
				INFOPLIST_FILE = ggg/Info.plist;
				LD_RUNPATH_SEARCH_PATHS = "$(inherited) @executable_path/Frameworks";
				PRODUCT_NAME = "$(TARGET_NAME)";
			};
			name = Release;
		};
		9A0C36A21BC40BD8005E1F87 /* Debug */ = {
			isa = XCBuildConfiguration;
			buildSettings = {
				BUNDLE_LOADER = "$(TEST_HOST)";
				FRAMEWORK_SEARCH_PATHS = (
					"$(SDKROOT)/Developer/Library/Frameworks",
					"$(inherited)",
				);
				GCC_PREPROCESSOR_DEFINITIONS = (
					"DEBUG=1",
					"$(inherited)",
				);
				INFOPLIST_FILE = gggTests/Info.plist;
				LD_RUNPATH_SEARCH_PATHS = "$(inherited) @executable_path/Frameworks @loader_path/Frameworks";
				PRODUCT_NAME = "$(TARGET_NAME)";
				TEST_HOST = "$(BUILT_PRODUCTS_DIR)/ggg.app/ggg";
			};
			name = Debug;
		};
		9A0C36A31BC40BD8005E1F87 /* Release */ = {
			isa = XCBuildConfiguration;
			buildSettings = {
				BUNDLE_LOADER = "$(TEST_HOST)";
				FRAMEWORK_SEARCH_PATHS = (
					"$(SDKROOT)/Developer/Library/Frameworks",
					"$(inherited)",
				);
				INFOPLIST_FILE = gggTests/Info.plist;
				LD_RUNPATH_SEARCH_PATHS = "$(inherited) @executable_path/Frameworks @loader_path/Frameworks";
				PRODUCT_NAME = "$(TARGET_NAME)";
				TEST_HOST = "$(BUILT_PRODUCTS_DIR)/ggg.app/ggg";
			};
			name = Release;
		};
/* End XCBuildConfiguration section */

/* Begin XCConfigurationList section */
		9A0C367A1BC40BD8005E1F87 /* Build configuration list for PBXProject "ggg" */ = {
			isa = XCConfigurationList;
			buildConfigurations = (
				9A0C369C1BC40BD8005E1F87 /* Debug */,
				9A0C369D1BC40BD8005E1F87 /* Release */,
			);
			defaultConfigurationIsVisible = 0;
			defaultConfigurationName = Release;
		};
		9A0C369E1BC40BD8005E1F87 /* Build configuration list for PBXNativeTarget "ggg" */ = {
			isa = XCConfigurationList;
			buildConfigurations = (
				9A0C369F1BC40BD8005E1F87 /* Debug */,
				9A0C36A01BC40BD8005E1F87 /* Release */,
			);
			defaultConfigurationIsVisible = 0;
		};
		9A0C36A11BC40BD8005E1F87 /* Build configuration list for PBXNativeTarget "gggTests" */ = {
			isa = XCConfigurationList;
			buildConfigurations = (
				9A0C36A21BC40BD8005E1F87 /* Debug */,
				9A0C36A31BC40BD8005E1F87 /* Release */,
			);
			defaultConfigurationIsVisible = 0;
		};
/* End XCConfigurationList section */
	};
	rootObject = 9A0C36771BC40BD8005E1F87 /* Project object */;
}
